
Microsoft Visual Studio Solution File, Format Version 12.00
# Visual Studio Version 16
VisualStudioVersion = 16.0.29609.76
MinimumVisualStudioVersion = 10.0.40219.1
Project("{FAE04EC0-301F-11D3-BF4B-00C04F79EFBC}") = "ProjetoWebCalendario", "src\ProjetoWebCalendario\ProjetoWebCalendario.csproj", "{878F85C4-3E24-4FAE-BE0C-D8A03830F6DB}"
EndProject
Global
	GlobalSection(SolutionConfigurationPlatforms) = preSolution
		Debug|Any CPU = Debug|Any CPU
		Release|Any CPU = Release|Any CPU
	EndGlobalSection
	GlobalSection(ProjectConfigurationPlatforms) = postSolution
		{878F85C4-3E24-4FAE-BE0C-D8A03830F6DB}.Debug|Any CPU.ActiveCfg = Debug|Any CPU
		{878F85C4-3E24-4FAE-BE0C-D8A03830F6DB}.Debug|Any CPU.Build.0 = Debug|Any CPU
		{878F85C4-3E24-4FAE-BE0C-D8A03830F6DB}.Release|Any CPU.ActiveCfg = Release|Any CPU
		{878F85C4-3E24-4FAE-BE0C-D8A03830F6DB}.Release|Any CPU.Build.0 = Release|Any CPU
	EndGlobalSection
	GlobalSection(SolutionProperties) = preSolution
		HideSolutionNode = FALSE
	EndGlobalSection
	GlobalSection(ExtensibilityGlobals) = postSolution
		SolutionGuid = {C60C244F-6240-4317-937F-2A6CE860BD62}
	EndGlobalSection
EndGlobal
